
Microsoft Visual Studio Solution File, Format Version 12.00
# Visual Studio Version 16
VisualStudioVersion = 16.0.31424.327
MinimumVisualStudioVersion = 10.0.40219.1
Project("{FAE04EC0-301F-11D3-BF4B-00C04F79EFBC}") = "Parcia 1 POO", "Parcia 1 POO\Parcia 1 POO.csproj", "{B2F215F1-D589-4872-88EE-C0C6CF6745A6}"
EndProject
Global
	GlobalSection(SolutionConfigurationPlatforms) = preSolution
		Debug|Any CPU = Debug|Any CPU
		Release|Any CPU = Release|Any CPU
	EndGlobalSection
	GlobalSection(ProjectConfigurationPlatforms) = postSolution
		{B2F215F1-D589-4872-88EE-C0C6CF6745A6}.Debug|Any CPU.ActiveCfg = Debug|Any CPU
		{B2F215F1-D589-4872-88EE-C0C6CF6745A6}.Debug|Any CPU.Build.0 = Debug|Any CPU
		{B2F215F1-D589-4872-88EE-C0C6CF6745A6}.Release|Any CPU.ActiveCfg = Release|Any CPU
		{B2F215F1-D589-4872-88EE-C0C6CF6745A6}.Release|Any CPU.Build.0 = Release|Any CPU
	EndGlobalSection
	GlobalSection(SolutionProperties) = preSolution
		HideSolutionNode = FALSE
	EndGlobalSection
	GlobalSection(ExtensibilityGlobals) = postSolution
		SolutionGuid = {B06EE4BA-B8B6-4DBE-93B2-F7A535FD57FD}
	EndGlobalSection
EndGlobal
